
Microsoft Visual Studio Solution File, Format Version 12.00
# Visual Studio Version 16
VisualStudioVersion = 16.0.32228.343
MinimumVisualStudioVersion = 10.0.40219.1
Project("{159641D6-6404-4A2A-AE62-294DE0FE8301}") = "HW3", "HW3\HW3.dtproj", "{31E8D00E-7DEC-46BA-9898-94755010A624}"
EndProject
Global
	GlobalSection(SolutionConfigurationPlatforms) = preSolution
		Development|Default = Development|Default
	EndGlobalSection
	GlobalSection(ProjectConfigurationPlatforms) = postSolution
		{31E8D00E-7DEC-46BA-9898-94755010A624}.Development|Default.ActiveCfg = Development
		{31E8D00E-7DEC-46BA-9898-94755010A624}.Development|Default.Build.0 = Development
	EndGlobalSection
	GlobalSection(SolutionProperties) = preSolution
		HideSolutionNode = FALSE
	EndGlobalSection
	GlobalSection(ExtensibilityGlobals) = postSolution
		SolutionGuid = {84D39943-98F5-4C71-89A6-05E9F6C67AD2}
	EndGlobalSection
EndGlobal
